
Microsoft Visual Studio Solution File, Format Version 12.00
# Visual Studio Version 16
VisualStudioVersion = 16.0.32413.511
MinimumVisualStudioVersion = 10.0.40219.1
Project("{9A19103F-16F7-4668-BE54-9A1E7A4F7556}") = "AuthorizationAPI", "VehicleDriverAccountBook\AuthorizationAPI.csproj", "{96D255C0-9EF2-467C-A94C-DDD4745C4463}"
EndProject
Project("{9A19103F-16F7-4668-BE54-9A1E7A4F7556}") = "VehicleAPI", "VehicleAPI\VehicleAPI.csproj", "{DEDAE89B-203B-47C3-B388-65A12D2600F3}"
EndProject
Project("{9A19103F-16F7-4668-BE54-9A1E7A4F7556}") = "DriverAPI", "DriverAPI\DriverAPI.csproj", "{DC574D7D-1674-474C-92D7-A668EF6A20EB}"
EndProject
Project("{9A19103F-16F7-4668-BE54-9A1E7A4F7556}") = "BookingAPI", "BookingAPI\BookingAPI.csproj", "{1C2BDF43-1345-4BF9-9737-27B3D8D65F0C}"
EndProject
Project("{9A19103F-16F7-4668-BE54-9A1E7A4F7556}") = "AuthorizationAPI-Test", "AuthorizationAPI-Test\AuthorizationAPI-Test.csproj", "{D69D7CB2-40B2-4EE6-9663-8973F83C0516}"
EndProject
Project("{FAE04EC0-301F-11D3-BF4B-00C04F79EFBC}") = "BookingTest", "BookingTest\BookingTest.csproj", "{F0E4498B-73D5-48F5-B8AA-92D644788033}"
EndProject
Project("{FAE04EC0-301F-11D3-BF4B-00C04F79EFBC}") = "DriverTest", "DriverTest\DriverTest.csproj", "{C9256EE4-D258-4303-89A6-9FC521A8F42D}"
EndProject
Project("{FAE04EC0-301F-11D3-BF4B-00C04F79EFBC}") = "VehicleTest", "VehicleTest\VehicleTest.csproj", "{EF48DD17-E66B-409F-A286-D068E47AFAFF}"
EndProject
Global
	GlobalSection(SolutionConfigurationPlatforms) = preSolution
		Debug|Any CPU = Debug|Any CPU
		Release|Any CPU = Release|Any CPU
	EndGlobalSection
	GlobalSection(ProjectConfigurationPlatforms) = postSolution
		{96D255C0-9EF2-467C-A94C-DDD4745C4463}.Debug|Any CPU.ActiveCfg = Debug|Any CPU
		{96D255C0-9EF2-467C-A94C-DDD4745C4463}.Debug|Any CPU.Build.0 = Debug|Any CPU
		{96D255C0-9EF2-467C-A94C-DDD4745C4463}.Release|Any CPU.ActiveCfg = Release|Any CPU
		{96D255C0-9EF2-467C-A94C-DDD4745C4463}.Release|Any CPU.Build.0 = Release|Any CPU
		{DEDAE89B-203B-47C3-B388-65A12D2600F3}.Debug|Any CPU.ActiveCfg = Debug|Any CPU
		{DEDAE89B-203B-47C3-B388-65A12D2600F3}.Debug|Any CPU.Build.0 = Debug|Any CPU
		{DEDAE89B-203B-47C3-B388-65A12D2600F3}.Release|Any CPU.ActiveCfg = Release|Any CPU
		{DEDAE89B-203B-47C3-B388-65A12D2600F3}.Release|Any CPU.Build.0 = Release|Any CPU
		{DC574D7D-1674-474C-92D7-A668EF6A20EB}.Debug|Any CPU.ActiveCfg = Debug|Any CPU
		{DC574D7D-1674-474C-92D7-A668EF6A20EB}.Debug|Any CPU.Build.0 = Debug|Any CPU
		{DC574D7D-1674-474C-92D7-A668EF6A20EB}.Release|Any CPU.ActiveCfg = Release|Any CPU
		{DC574D7D-1674-474C-92D7-A668EF6A20EB}.Release|Any CPU.Build.0 = Release|Any CPU
		{1C2BDF43-1345-4BF9-9737-27B3D8D65F0C}.Debug|Any CPU.ActiveCfg = Debug|Any CPU
		{1C2BDF43-1345-4BF9-9737-27B3D8D65F0C}.Debug|Any CPU.Build.0 = Debug|Any CPU
		{1C2BDF43-1345-4BF9-9737-27B3D8D65F0C}.Release|Any CPU.ActiveCfg = Release|Any CPU
		{1C2BDF43-1345-4BF9-9737-27B3D8D65F0C}.Release|Any CPU.Build.0 = Release|Any CPU
		{D69D7CB2-40B2-4EE6-9663-8973F83C0516}.Debug|Any CPU.ActiveCfg = Debug|Any CPU
		{D69D7CB2-40B2-4EE6-9663-8973F83C0516}.Debug|Any CPU.Build.0 = Debug|Any CPU
		{D69D7CB2-40B2-4EE6-9663-8973F83C0516}.Release|Any CPU.ActiveCfg = Release|Any CPU
		{D69D7CB2-40B2-4EE6-9663-8973F83C0516}.Release|Any CPU.Build.0 = Release|Any CPU
		{F0E4498B-73D5-48F5-B8AA-92D644788033}.Debug|Any CPU.ActiveCfg = Debug|Any CPU
		{F0E4498B-73D5-48F5-B8AA-92D644788033}.Debug|Any CPU.Build.0 = Debug|Any CPU
		{F0E4498B-73D5-48F5-B8AA-92D644788033}.Release|Any CPU.ActiveCfg = Release|Any CPU
		{F0E4498B-73D5-48F5-B8AA-92D644788033}.Release|Any CPU.Build.0 = Release|Any CPU
		{C9256EE4-D258-4303-89A6-9FC521A8F42D}.Debug|Any CPU.ActiveCfg = Debug|Any CPU
		{C9256EE4-D258-4303-89A6-9FC521A8F42D}.Debug|Any CPU.Build.0 = Debug|Any CPU
		{C9256EE4-D258-4303-89A6-9FC521A8F42D}.Release|Any CPU.ActiveCfg = Release|Any CPU
		{C9256EE4-D258-4303-89A6-9FC521A8F42D}.Release|Any CPU.Build.0 = Release|Any CPU
		{EF48DD17-E66B-409F-A286-D068E47AFAFF}.Debug|Any CPU.ActiveCfg = Debug|Any CPU
		{EF48DD17-E66B-409F-A286-D068E47AFAFF}.Debug|Any CPU.Build.0 = Debug|Any CPU
		{EF48DD17-E66B-409F-A286-D068E47AFAFF}.Release|Any CPU.ActiveCfg = Release|Any CPU
		{EF48DD17-E66B-409F-A286-D068E47AFAFF}.Release|Any CPU.Build.0 = Release|Any CPU
	EndGlobalSection
	GlobalSection(SolutionProperties) = preSolution
		HideSolutionNode = FALSE
	EndGlobalSection
	GlobalSection(ExtensibilityGlobals) = postSolution
		SolutionGuid = {8E72906C-9391-42D2-88BB-B009128149BA}
	EndGlobalSection
EndGlobal
